
Microsoft Visual Studio Solution File, Format Version 12.00
# Visual Studio Express 2012 for Windows Desktop
Project("{FAE04EC0-301F-11D3-BF4B-00C04F79EFBC}") = "BatterIDE For Batch", "BatterIDE For Batch\BatterIDE For Batch.csproj", "{DEFD8EFF-88DE-4338-8CEF-68DABC582ACF}"
EndProject
Global
	GlobalSection(SolutionConfigurationPlatforms) = preSolution
		Debug|Any CPU = Debug|Any CPU
		Release|Any CPU = Release|Any CPU
	EndGlobalSection
	GlobalSection(ProjectConfigurationPlatforms) = postSolution
		{DEFD8EFF-88DE-4338-8CEF-68DABC582ACF}.Debug|Any CPU.ActiveCfg = Debug|Any CPU
		{DEFD8EFF-88DE-4338-8CEF-68DABC582ACF}.Debug|Any CPU.Build.0 = Debug|Any CPU
		{DEFD8EFF-88DE-4338-8CEF-68DABC582ACF}.Release|Any CPU.ActiveCfg = Release|Any CPU
		{DEFD8EFF-88DE-4338-8CEF-68DABC582ACF}.Release|Any CPU.Build.0 = Release|Any CPU
	EndGlobalSection
	GlobalSection(SolutionProperties) = preSolution
		HideSolutionNode = FALSE
	EndGlobalSection
EndGlobal
